// !$*UTF8*$!
{
	archiveVersion = 1;
	classes = {
	};
	objectVersion = 46;
	objects = {

/* Begin PBXBuildFile section */
		0052058A1D2B4E7D00283272 /* main.m in Sources */ = {isa = PBXBuildFile; fileRef = 005205891D2B4E7D00283272 /* main.m */; };
		0052058D1D2B4E7D00283272 /* AppDelegate.m in Sources */ = {isa = PBXBuildFile; fileRef = 0052058C1D2B4E7D00283272 /* AppDelegate.m */; };
		005205901D2B4E7D00283272 /* ViewController.m in Sources */ = {isa = PBXBuildFile; fileRef = 0052058F1D2B4E7D00283272 /* ViewController.m */; };
		005205931D2B4E7D00283272 /* Main.storyboard in Resources */ = {isa = PBXBuildFile; fileRef = 005205911D2B4E7D00283272 /* Main.storyboard */; };
		005205961D2B4E7D00283272 /* NSThreadDemo.xcdatamodeld in Sources */ = {isa = PBXBuildFile; fileRef = 005205941D2B4E7D00283272 /* NSThreadDemo.xcdatamodeld */; };
		005205981D2B4E7D00283272 /* Assets.xcassets in Resources */ = {isa = PBXBuildFile; fileRef = 005205971D2B4E7D00283272 /* Assets.xcassets */; };
		0052059B1D2B4E7D00283272 /* LaunchScreen.storyboard in Resources */ = {isa = PBXBuildFile; fileRef = 005205991D2B4E7D00283272 /* LaunchScreen.storyboard */; };
		005205A61D2B4E7D00283272 /* NSThreadDemoTests.m in Sources */ = {isa = PBXBuildFile; fileRef = 005205A51D2B4E7D00283272 /* NSThreadDemoTests.m */; };
		005205B11D2B4E7D00283272 /* NSThreadDemoUITests.m in Sources */ = {isa = PBXBuildFile; fileRef = 005205B01D2B4E7D00283272 /* NSThreadDemoUITests.m */; };
/* End PBXBuildFile section */

/* Begin PBXContainerItemProxy section */
		005205A21D2B4E7D00283272 /* PBXContainerItemProxy */ = {
			isa = PBXContainerItemProxy;
			containerPortal = 0052057D1D2B4E7D00283272 /* Project object */;
			proxyType = 1;
			remoteGlobalIDString = 005205841D2B4E7D00283272;
			remoteInfo = NSThreadDemo;
		};
		005205AD1D2B4E7D00283272 /* PBXContainerItemProxy */ = {
			isa = PBXContainerItemProxy;
			containerPortal = 0052057D1D2B4E7D00283272 /* Project object */;
			proxyType = 1;
			remoteGlobalIDString = 005205841D2B4E7D00283272;
			remoteInfo = NSThreadDemo;
		};
/* End PBXContainerItemProxy section */

/* Begin PBXFileReference section */
		005205851D2B4E7D00283272 /* NSThreadDemo.app */ = {isa = PBXFileReference; explicitFileType = wrapper.application; includeInIndex = 0; path = NSThreadDemo.app; sourceTree = BUILT_PRODUCTS_DIR; };
		005205891D2B4E7D00283272 /* main.m */ = {isa = PBXFileReference; lastKnownFileType = sourcecode.c.objc; path = main.m; sourceTree = "<group>"; };
		0052058B1D2B4E7D00283272 /* AppDelegate.h */ = {isa = PBXFileReference; lastKnownFileType = sourcecode.c.h; path = AppDelegate.h; sourceTree = "<group>"; };
		0052058C1D2B4E7D00283272 /* AppDelegate.m */ = {isa = PBXFileReference; lastKnownFileType = sourcecode.c.objc; path = AppDelegate.m; sourceTree = "<group>"; };
		0052058E1D2B4E7D00283272 /* ViewController.h */ = {isa = PBXFileReference; lastKnownFileType = sourcecode.c.h; path = ViewController.h; sourceTree = "<group>"; };
		0052058F1D2B4E7D00283272 /* ViewController.m */ = {isa = PBXFileReference; lastKnownFileType = sourcecode.c.objc; path = ViewController.m; sourceTree = "<group>"; };
		005205921D2B4E7D00283272 /* Base */ = {isa = PBXFileReference; lastKnownFileType = file.storyboard; name = Base; path = Base.lproj/Main.storyboard; sourceTree = "<group>"; };
		005205951D2B4E7D00283272 /* NSThreadDemo.xcdatamodel */ = {isa = PBXFileReference; lastKnownFileType = wrapper.xcdatamodel; path = NSThreadDemo.xcdatamodel; sourceTree = "<group>"; };
		005205971D2B4E7D00283272 /* Assets.xcassets */ = {isa = PBXFileReference; lastKnownFileType = folder.assetcatalog; path = Assets.xcassets; sourceTree = "<group>"; };
		0052059A1D2B4E7D00283272 /* Base */ = {isa = PBXFileReference; lastKnownFileType = file.storyboard; name = Base; path = Base.lproj/LaunchScreen.storyboard; sourceTree = "<group>"; };
		0052059C1D2B4E7D00283272 /* Info.plist */ = {isa = PBXFileReference; lastKnownFileType = text.plist.xml; path = Info.plist; sourceTree = "<group>"; };
		005205A11D2B4E7D00283272 /* NSThreadDemoTests.xctest */ = {isa = PBXFileReference; explicitFileType = wrapper.cfbundle; includeInIndex = 0; path = NSThreadDemoTests.xctest; sourceTree = BUILT_PRODUCTS_DIR; };
		005205A51D2B4E7D00283272 /* NSThreadDemoTests.m */ = {isa = PBXFileReference; lastKnownFileType = sourcecode.c.objc; path = NSThreadDemoTests.m; sourceTree = "<group>"; };
		005205A71D2B4E7D00283272 /* Info.plist */ = {isa = PBXFileReference; lastKnownFileType = text.plist.xml; path = Info.plist; sourceTree = "<group>"; };
		005205AC1D2B4E7D00283272 /* NSThreadDemoUITests.xctest */ = {isa = PBXFileReference; explicitFileType = wrapper.cfbundle; includeInIndex = 0; path = NSThreadDemoUITests.xctest; sourceTree = BUILT_PRODUCTS_DIR; };
		005205B01D2B4E7D00283272 /* NSThreadDemoUITests.m */ = {isa = PBXFileReference; lastKnownFileType = sourcecode.c.objc; path = NSThreadDemoUITests.m; sourceTree = "<group>"; };
		005205B21D2B4E7D00283272 /* Info.plist */ = {isa = PBXFileReference; lastKnownFileType = text.plist.xml; path = Info.plist; sourceTree = "<group>"; };
/* End PBXFileReference section */

/* Begin PBXFrameworksBuildPhase section */
		005205821D2B4E7D00283272 /* Frameworks */ = {
			isa = PBXFrameworksBuildPhase;
			buildActionMask = 2147483647;
			files = (
			);
			runOnlyForDeploymentPostprocessing = 0;
		};
		0052059E1D2B4E7D00283272 /* Frameworks */ = {
			isa = PBXFrameworksBuildPhase;
			buildActionMask = 2147483647;
			files = (
			);
			runOnlyForDeploymentPostprocessing = 0;
		};
		005205A91D2B4E7D00283272 /* Frameworks */ = {
			isa = PBXFrameworksBuildPhase;
			buildActionMask = 2147483647;
			files = (
			);
			runOnlyForDeploymentPostprocessing = 0;
		};
/* End PBXFrameworksBuildPhase section */

/* Begin PBXGroup section */
		0052057C1D2B4E7D00283272 = {
			isa = PBXGroup;
			children = (
				005205871D2B4E7D00283272 /* NSThreadDemo */,
				005205A41D2B4E7D00283272 /* NSThreadDemoTests */,
				005205AF1D2B4E7D00283272 /* NSThreadDemoUITests */,
				005205861D2B4E7D00283272 /* Products */,
			);
			sourceTree = "<group>";
		};
		005205861D2B4E7D00283272 /* Products */ = {
			isa = PBXGroup;
			children = (
				005205851D2B4E7D00283272 /* NSThreadDemo.app */,
				005205A11D2B4E7D00283272 /* NSThreadDemoTests.xctest */,
				005205AC1D2B4E7D00283272 /* NSThreadDemoUITests.xctest */,
			);
			name = Products;
			sourceTree = "<group>";
		};
		005205871D2B4E7D00283272 /* NSThreadDemo */ = {
			isa = PBXGroup;
			children = (
				0052058B1D2B4E7D00283272 /* AppDelegate.h */,
				0052058C1D2B4E7D00283272 /* AppDelegate.m */,
				0052058E1D2B4E7D00283272 /* ViewController.h */,
				0052058F1D2B4E7D00283272 /* ViewController.m */,
				005205911D2B4E7D00283272 /* Main.storyboard */,
				005205971D2B4E7D00283272 /* Assets.xcassets */,
				005205991D2B4E7D00283272 /* LaunchScreen.storyboard */,
				0052059C1D2B4E7D00283272 /* Info.plist */,
				005205941D2B4E7D00283272 /* NSThreadDemo.xcdatamodeld */,
				005205881D2B4E7D00283272 /* Supporting Files */,
			);
			path = NSThreadDemo;
			sourceTree = "<group>";
		};
		005205881D2B4E7D00283272 /* Supporting Files */ = {
			isa = PBXGroup;
			children = (
				005205891D2B4E7D00283272 /* main.m */,
			);
			name = "Supporting Files";
			sourceTree = "<group>";
		};
		005205A41D2B4E7D00283272 /* NSThreadDemoTests */ = {
			isa = PBXGroup;
			children = (
				005205A51D2B4E7D00283272 /* NSThreadDemoTests.m */,
				005205A71D2B4E7D00283272 /* Info.plist */,
			);
			path = NSThreadDemoTests;
			sourceTree = "<group>";
		};
		005205AF1D2B4E7D00283272 /* NSThreadDemoUITests */ = {
			isa = PBXGroup;
			children = (
				005205B01D2B4E7D00283272 /* NSThreadDemoUITests.m */,
				005205B21D2B4E7D00283272 /* Info.plist */,
			);
			path = NSThreadDemoUITests;
			sourceTree = "<group>";
		};
/* End PBXGroup section */

/* Begin PBXNativeTarget section */
		005205841D2B4E7D00283272 /* NSThreadDemo */ = {
			isa = PBXNativeTarget;
			buildConfigurationList = 005205B51D2B4E7D00283272 /* Build configuration list for PBXNativeTarget "NSThreadDemo" */;
			buildPhases = (
				005205811D2B4E7D00283272 /* Sources */,
				005205821D2B4E7D00283272 /* Frameworks */,
				005205831D2B4E7D00283272 /* Resources */,
			);
			buildRules = (
			);
			dependencies = (
			);
			name = NSThreadDemo;
			productName = NSThreadDemo;
			productReference = 005205851D2B4E7D00283272 /* NSThreadDemo.app */;
			productType = "com.apple.product-type.application";
		};
		005205A01D2B4E7D00283272 /* NSThreadDemoTests */ = {
			isa = PBXNativeTarget;
			buildConfigurationList = 005205B81D2B4E7D00283272 /* Build configuration list for PBXNativeTarget "NSThreadDemoTests" */;
			buildPhases = (
				0052059D1D2B4E7D00283272 /* Sources */,
				0052059E1D2B4E7D00283272 /* Frameworks */,
				0052059F1D2B4E7D00283272 /* Resources */,
			);
			buildRules = (
			);
			dependencies = (
				005205A31D2B4E7D00283272 /* PBXTargetDependency */,
			);
			name = NSThreadDemoTests;
			productName = NSThreadDemoTests;
			productReference = 005205A11D2B4E7D00283272 /* NSThreadDemoTests.xctest */;
			productType = "com.apple.product-type.bundle.unit-test";
		};
		005205AB1D2B4E7D00283272 /* NSThreadDemoUITests */ = {
			isa = PBXNativeTarget;
			buildConfigurationList = 005205BB1D2B4E7D00283272 /* Build configuration list for PBXNativeTarget "NSThreadDemoUITests" */;
			buildPhases = (
				005205A81D2B4E7D00283272 /* Sources */,
				005205A91D2B4E7D00283272 /* Frameworks */,
				005205AA1D2B4E7D00283272 /* Resources */,
			);
			buildRules = (
			);
			dependencies = (
				005205AE1D2B4E7D00283272 /* PBXTargetDependency */,
			);
			name = NSThreadDemoUITests;
			productName = NSThreadDemoUITests;
			productReference = 005205AC1D2B4E7D00283272 /* NSThreadDemoUITests.xctest */;
			productType = "com.apple.product-type.bundle.ui-testing";
		};
/* End PBXNativeTarget section */

/* Begin PBXProject section */
		0052057D1D2B4E7D00283272 /* Project object */ = {
			isa = PBXProject;
			attributes = {
				LastUpgradeCheck = 0730;
				ORGANIZATIONNAME = Terence;
				TargetAttributes = {
					005205841D2B4E7D00283272 = {
						CreatedOnToolsVersion = 7.3.1;
					};
					005205A01D2B4E7D00283272 = {
						CreatedOnToolsVersion = 7.3.1;
						TestTargetID = 005205841D2B4E7D00283272;
					};
					005205AB1D2B4E7D00283272 = {
						CreatedOnToolsVersion = 7.3.1;
						TestTargetID = 005205841D2B4E7D00283272;
					};
				};
			};
			buildConfigurationList = 005205801D2B4E7D00283272 /* Build configuration list for PBXProject "NSThreadDemo" */;
			compatibilityVersion = "Xcode 3.2";
			developmentRegion = English;
			hasScannedForEncodings = 0;
			knownRegions = (
				en,
				Base,
			);
			mainGroup = 0052057C1D2B4E7D00283272;
			productRefGroup = 005205861D2B4E7D00283272 /* Products */;
			projectDirPath = "";
			projectRoot = "";
			targets = (
				005205841D2B4E7D00283272 /* NSThreadDemo */,
				005205A01D2B4E7D00283272 /* NSThreadDemoTests */,
				005205AB1D2B4E7D00283272 /* NSThreadDemoUITests */,
			);
		};
/* End PBXProject section */

/* Begin PBXResourcesBuildPhase section */
		005205831D2B4E7D00283272 /* Resources */ = {
			isa = PBXResourcesBuildPhase;
			buildActionMask = 2147483647;
			files = (
				0052059B1D2B4E7D00283272 /* LaunchScreen.storyboard in Resources */,
				005205981D2B4E7D00283272 /* Assets.xcassets in Resources */,
				005205931D2B4E7D00283272 /* Main.storyboard in Resources */,
			);
			runOnlyForDeploymentPostprocessing = 0;
		};
		0052059F1D2B4E7D00283272 /* Resources */ = {
			isa = PBXResourcesBuildPhase;
			buildActionMask = 2147483647;
			files = (
			);
			runOnlyForDeploymentPostprocessing = 0;
		};
		005205AA1D2B4E7D00283272 /* Resources */ = {
			isa = PBXResourcesBuildPhase;
			buildActionMask = 2147483647;
			files = (
			);
			runOnlyForDeploymentPostprocessing = 0;
		};
/* End PBXResourcesBuildPhase section */

/* Begin PBXSourcesBuildPhase section */
		005205811D2B4E7D00283272 /* Sources */ = {
			isa = PBXSourcesBuildPhase;
			buildActionMask = 2147483647;
			files = (
				005205901D2B4E7D00283272 /* ViewController.m in Sources */,
				0052058D1D2B4E7D00283272 /* AppDelegate.m in Sources */,
				0052058A1D2B4E7D00283272 /* main.m in Sources */,
				005205961D2B4E7D00283272 /* NSThreadDemo.xcdatamodeld in Sources */,
			);
			runOnlyForDeploymentPostprocessing = 0;
		};
		0052059D1D2B4E7D00283272 /* Sources */ = {
			isa = PBXSourcesBuildPhase;
			buildActionMask = 2147483647;
			files = (
				005205A61D2B4E7D00283272 /* NSThreadDemoTests.m in Sources */,
			);
			runOnlyForDeploymentPostprocessing = 0;
		};
		005205A81D2B4E7D00283272 /* Sources */ = {
			isa = PBXSourcesBuildPhase;
			buildActionMask = 2147483647;
			files = (
				005205B11D2B4E7D00283272 /* NSThreadDemoUITests.m in Sources */,
			);
			runOnlyForDeploymentPostprocessing = 0;
		};
/* End PBXSourcesBuildPhase section */

/* Begin PBXTargetDependency section */
		005205A31D2B4E7D00283272 /* PBXTargetDependency */ = {
			isa = PBXTargetDependency;
			target = 005205841D2B4E7D00283272 /* NSThreadDemo */;
			targetProxy = 005205A21D2B4E7D00283272 /* PBXContainerItemProxy */;
		};
		005205AE1D2B4E7D00283272 /* PBXTargetDependency */ = {
			isa = PBXTargetDependency;
			target = 005205841D2B4E7D00283272 /* NSThreadDemo */;
			targetProxy = 005205AD1D2B4E7D00283272 /* PBXContainerItemProxy */;
		};
/* End PBXTargetDependency section */

/* Begin PBXVariantGroup section */
		005205911D2B4E7D00283272 /* Main.storyboard */ = {
			isa = PBXVariantGroup;
			children = (
				005205921D2B4E7D00283272 /* Base */,
			);
			name = Main.storyboard;
			sourceTree = "<group>";
		};
		005205991D2B4E7D00283272 /* LaunchScreen.storyboard */ = {
			isa = PBXVariantGroup;
			children = (
				0052059A1D2B4E7D00283272 /* Base */,
			);
			name = LaunchScreen.storyboard;
			sourceTree = "<group>";
		};
/* End PBXVariantGroup section */

/* Begin XCBuildConfiguration section */
		005205B31D2B4E7D00283272 /* Debug */ = {
			isa = XCBuildConfiguration;
			buildSettings = {
				ALWAYS_SEARCH_USER_PATHS = NO;
				CLANG_ANALYZER_NONNULL = YES;
				CLANG_CXX_LANGUAGE_STANDARD = "gnu++0x";
				CLANG_CXX_LIBRARY = "libc++";
				CLANG_ENABLE_MODULES = YES;
				CLANG_ENABLE_OBJC_ARC = YES;
				CLANG_WARN_BOOL_CONVERSION = YES;
				CLANG_WARN_CONSTANT_CONVERSION = YES;
				CLANG_WARN_DIRECT_OBJC_ISA_USAGE = YES_ERROR;
				CLANG_WARN_EMPTY_BODY = YES;
				CLANG_WARN_ENUM_CONVERSION = YES;
				CLANG_WARN_INT_CONVERSION = YES;
				CLANG_WARN_OBJC_ROOT_CLASS = YES_ERROR;
				CLANG_WARN_UNREACHABLE_CODE = YES;
				CLANG_WARN__DUPLICATE_METHOD_MATCH = YES;
				"CODE_SIGN_IDENTITY[sdk=iphoneos*]" = "iPhone Developer";
				COPY_PHASE_STRIP = NO;
				DEBUG_INFORMATION_FORMAT = dwarf;
				ENABLE_STRICT_OBJC_MSGSEND = YES;
				ENABLE_TESTABILITY = YES;
				GCC_C_LANGUAGE_STANDARD = gnu99;
				GCC_DYNAMIC_NO_PIC = NO;
				GCC_NO_COMMON_BLOCKS = YES;
				GCC_OPTIMIZATION_LEVEL = 0;
				GCC_PREPROCESSOR_DEFINITIONS = (
					"DEBUG=1",
					"$(inherited)",
				);
				GCC_WARN_64_TO_32_BIT_CONVERSION = YES;
				GCC_WARN_ABOUT_RETURN_TYPE = YES_ERROR;
				GCC_WARN_UNDECLARED_SELECTOR = YES;
				GCC_WARN_UNINITIALIZED_AUTOS = YES_AGGRESSIVE;
				GCC_WARN_UNUSED_FUNCTION = YES;
				GCC_WARN_UNUSED_VARIABLE = YES;
				IPHONEOS_DEPLOYMENT_TARGET = 9.3;
				MTL_ENABLE_DEBUG_INFO = YES;
				ONLY_ACTIVE_ARCH = YES;
				SDKROOT = iphoneos;
			};
			name = Debug;
		};
		005205B41D2B4E7D00283272 /* Release */ = {
			isa = XCBuildConfiguration;
			buildSettings = {
				ALWAYS_SEARCH_USER_PATHS = NO;
				CLANG_ANALYZER_NONNULL = YES;
				CLANG_CXX_LANGUAGE_STANDARD = "gnu++0x";
				CLANG_CXX_LIBRARY = "libc++";
				CLANG_ENABLE_MODULES = YES;
				CLANG_ENABLE_OBJC_ARC = YES;
				CLANG_WARN_BOOL_CONVERSION = YES;
				CLANG_WARN_CONSTANT_CONVERSION = YES;
				CLANG_WARN_DIRECT_OBJC_ISA_USAGE = YES_ERROR;
				CLANG_WARN_EMPTY_BODY = YES;
				CLANG_WARN_ENUM_CONVERSION = YES;
				CLANG_WARN_INT_CONVERSION = YES;
				CLANG_WARN_OBJC_ROOT_CLASS = YES_ERROR;
				CLANG_WARN_UNREACHABLE_CODE = YES;
				CLANG_WARN__DUPLICATE_METHOD_MATCH = YES;
				"CODE_SIGN_IDENTITY[sdk=iphoneos*]" = "iPhone Developer";
				COPY_PHASE_STRIP = NO;
				DEBUG_INFORMATION_FORMAT = "dwarf-with-dsym";
				ENABLE_NS_ASSERTIONS = NO;
				ENABLE_STRICT_OBJC_MSGSEND = YES;
				GCC_C_LANGUAGE_STANDARD = gnu99;
				GCC_NO_COMMON_BLOCKS = YES;
				GCC_WARN_64_TO_32_BIT_CONVERSION = YES;
				GCC_WARN_ABOUT_RETURN_TYPE = YES_ERROR;
				GCC_WARN_UNDECLARED_SELECTOR = YES;
				GCC_WARN_UNINITIALIZED_AUTOS = YES_AGGRESSIVE;
				GCC_WARN_UNUSED_FUNCTION = YES;
				GCC_WARN_UNUSED_VARIABLE = YES;
				IPHONEOS_DEPLOYMENT_TARGET = 9.3;
				MTL_ENABLE_DEBUG_INFO = NO;
				SDKROOT = iphoneos;
				VALIDATE_PRODUCT = YES;
			};
			name = Release;
		};
		005205B61D2B4E7D00283272 /* Debug */ = {
			isa = XCBuildConfiguration;
			buildSettings = {
				ASSETCATALOG_COMPILER_APPICON_NAME = AppIcon;
				INFOPLIST_FILE = NSThreadDemo/Info.plist;
				LD_RUNPATH_SEARCH_PATHS = "$(inherited) @executable_path/Frameworks";
				PRODUCT_BUNDLE_IDENTIFIER = ter.NSThreadDemo;
				PRODUCT_NAME = "$(TARGET_NAME)";
			};
			name = Debug;
		};
		005205B71D2B4E7D00283272 /* Release */ = {
			isa = XCBuildConfiguration;
			buildSettings = {
				ASSETCATALOG_COMPILER_APPICON_NAME = AppIcon;
				INFOPLIST_FILE = NSThreadDemo/Info.plist;
				LD_RUNPATH_SEARCH_PATHS = "$(inherited) @executable_path/Frameworks";
				PRODUCT_BUNDLE_IDENTIFIER = ter.NSThreadDemo;
				PRODUCT_NAME = "$(TARGET_NAME)";
			};
			name = Release;
		};
		005205B91D2B4E7D00283272 /* Debug */ = {
			isa = XCBuildConfiguration;
			buildSettings = {
				BUNDLE_LOADER = "$(TEST_HOST)";
				INFOPLIST_FILE = NSThreadDemoTests/Info.plist;
				LD_RUNPATH_SEARCH_PATHS = "$(inherited) @executable_path/Frameworks @loader_path/Frameworks";
				PRODUCT_BUNDLE_IDENTIFIER = ter.NSThreadDemoTests;
				PRODUCT_NAME = "$(TARGET_NAME)";
				TEST_HOST = "$(BUILT_PRODUCTS_DIR)/NSThreadDemo.app/NSThreadDemo";
			};
			name = Debug;
		};
		005205BA1D2B4E7D00283272 /* Release */ = {
			isa = XCBuildConfiguration;
			buildSettings = {
				BUNDLE_LOADER = "$(TEST_HOST)";
				INFOPLIST_FILE = NSThreadDemoTests/Info.plist;
				LD_RUNPATH_SEARCH_PATHS = "$(inherited) @executable_path/Frameworks @loader_path/Frameworks";
				PRODUCT_BUNDLE_IDENTIFIER = ter.NSThreadDemoTests;
				PRODUCT_NAME = "$(TARGET_NAME)";
				TEST_HOST = "$(BUILT_PRODUCTS_DIR)/NSThreadDemo.app/NSThreadDemo";
			};
			name = Release;
		};
		005205BC1D2B4E7D00283272 /* Debug */ = {
			isa = XCBuildConfiguration;
			buildSettings = {
				INFOPLIST_FILE = NSThreadDemoUITests/Info.plist;
				LD_RUNPATH_SEARCH_PATHS = "$(inherited) @executable_path/Frameworks @loader_path/Frameworks";
				PRODUCT_BUNDLE_IDENTIFIER = ter.NSThreadDemoUITests;
				PRODUCT_NAME = "$(TARGET_NAME)";
				TEST_TARGET_NAME = NSThreadDemo;
			};
			name = Debug;
		};
		005205BD1D2B4E7D00283272 /* Release */ = {
			isa = XCBuildConfiguration;
			buildSettings = {
				INFOPLIST_FILE = NSThreadDemoUITests/Info.plist;
				LD_RUNPATH_SEARCH_PATHS = "$(inherited) @executable_path/Frameworks @loader_path/Frameworks";
				PRODUCT_BUNDLE_IDENTIFIER = ter.NSThreadDemoUITests;
				PRODUCT_NAME = "$(TARGET_NAME)";
				TEST_TARGET_NAME = NSThreadDemo;
			};
			name = Release;
		};
/* End XCBuildConfiguration section */

/* Begin XCConfigurationList section */
		005205801D2B4E7D00283272 /* Build configuration list for PBXProject "NSThreadDemo" */ = {
			isa = XCConfigurationList;
			buildConfigurations = (
				005205B31D2B4E7D00283272 /* Debug */,
				005205B41D2B4E7D00283272 /* Release */,
			);
			defaultConfigurationIsVisible = 0;
			defaultConfigurationName = Release;
		};
		005205B51D2B4E7D00283272 /* Build configuration list for PBXNativeTarget "NSThreadDemo" */ = {
			isa = XCConfigurationList;
			buildConfigurations = (
				005205B61D2B4E7D00283272 /* Debug */,
				005205B71D2B4E7D00283272 /* Release */,
			);
			defaultConfigurationIsVisible = 0;
		};
		005205B81D2B4E7D00283272 /* Build configuration list for PBXNativeTarget "NSThreadDemoTests" */ = {
			isa = XCConfigurationList;
			buildConfigurations = (
				005205B91D2B4E7D00283272 /* Debug */,
				005205BA1D2B4E7D00283272 /* Release */,
			);
			defaultConfigurationIsVisible = 0;
		};
		005205BB1D2B4E7D00283272 /* Build configuration list for PBXNativeTarget "NSThreadDemoUITests" */ = {
			isa = XCConfigurationList;
			buildConfigurations = (
				005205BC1D2B4E7D00283272 /* Debug */,
				005205BD1D2B4E7D00283272 /* Release */,
			);
			defaultConfigurationIsVisible = 0;
		};
/* End XCConfigurationList section */

/* Begin XCVersionGroup section */
		005205941D2B4E7D00283272 /* NSThreadDemo.xcdatamodeld */ = {
			isa = XCVersionGroup;
			children = (
				005205951D2B4E7D00283272 /* NSThreadDemo.xcdatamodel */,
			);
			currentVersion = 005205951D2B4E7D00283272 /* NSThreadDemo.xcdatamodel */;
			path = NSThreadDemo.xcdatamodeld;
			sourceTree = "<group>";
			versionGroupType = wrapper.xcdatamodel;
		};
/* End XCVersionGroup section */
	};
	rootObject = 0052057D1D2B4E7D00283272 /* Project object */;
}
