// !$*UTF8*$!
{
	archiveVersion = 1;
	classes = {
	};
	objectVersion = 46;
	objects = {

/* Begin PBXBuildFile section */
		0008A7B91D1E224300C79AA4 /* main.m in Sources */ = {isa = PBXBuildFile; fileRef = 0008A7B81D1E224300C79AA4 /* main.m */; };
		0008A7BC1D1E224300C79AA4 /* AppDelegate.m in Sources */ = {isa = PBXBuildFile; fileRef = 0008A7BB1D1E224300C79AA4 /* AppDelegate.m */; };
		0008A7BF1D1E224300C79AA4 /* ViewController.m in Sources */ = {isa = PBXBuildFile; fileRef = 0008A7BE1D1E224300C79AA4 /* ViewController.m */; };
		0008A7C21D1E224300C79AA4 /* Main.storyboard in Resources */ = {isa = PBXBuildFile; fileRef = 0008A7C01D1E224300C79AA4 /* Main.storyboard */; };
		0008A7C41D1E224300C79AA4 /* Assets.xcassets in Resources */ = {isa = PBXBuildFile; fileRef = 0008A7C31D1E224300C79AA4 /* Assets.xcassets */; };
		0008A7C71D1E224300C79AA4 /* LaunchScreen.storyboard in Resources */ = {isa = PBXBuildFile; fileRef = 0008A7C51D1E224300C79AA4 /* LaunchScreen.storyboard */; };
		0008A7D21D1E224300C79AA4 /* ScrollViewDemoTests.m in Sources */ = {isa = PBXBuildFile; fileRef = 0008A7D11D1E224300C79AA4 /* ScrollViewDemoTests.m */; };
		0008A7DD1D1E224300C79AA4 /* ScrollViewDemoUITests.m in Sources */ = {isa = PBXBuildFile; fileRef = 0008A7DC1D1E224300C79AA4 /* ScrollViewDemoUITests.m */; };
		0008A7F01D1E29D000C79AA4 /* img1.jpeg in Resources */ = {isa = PBXBuildFile; fileRef = 0008A7EB1D1E29D000C79AA4 /* img1.jpeg */; };
		0008A7F11D1E29D000C79AA4 /* img2.jpeg in Resources */ = {isa = PBXBuildFile; fileRef = 0008A7EC1D1E29D000C79AA4 /* img2.jpeg */; };
		0008A7F21D1E29D000C79AA4 /* img3.jpeg in Resources */ = {isa = PBXBuildFile; fileRef = 0008A7ED1D1E29D000C79AA4 /* img3.jpeg */; };
		0008A7F31D1E29D000C79AA4 /* img4.jpeg in Resources */ = {isa = PBXBuildFile; fileRef = 0008A7EE1D1E29D000C79AA4 /* img4.jpeg */; };
		0008A7F61D1E2C6E00C79AA4 /* img.png in Resources */ = {isa = PBXBuildFile; fileRef = 0008A7F51D1E2C6E00C79AA4 /* img.png */; };
		0008A7FA1D1E2CC600C79AA4 /* AppIcon60x60@2x.png in Resources */ = {isa = PBXBuildFile; fileRef = 0008A7F71D1E2CC600C79AA4 /* AppIcon60x60@2x.png */; };
		0008A7FB1D1E2CC600C79AA4 /* AppIcon60x60@3x.png in Resources */ = {isa = PBXBuildFile; fileRef = 0008A7F81D1E2CC600C79AA4 /* AppIcon60x60@3x.png */; };
		0008A7FC1D1E2CC600C79AA4 /* Icon@2x.png in Resources */ = {isa = PBXBuildFile; fileRef = 0008A7F91D1E2CC600C79AA4 /* Icon@2x.png */; };
		0072C8901D202B9600501296 /* AppIcon40x40@2x.png in Resources */ = {isa = PBXBuildFile; fileRef = 0072C88A1D202B9600501296 /* AppIcon40x40@2x.png */; };
		0072C8911D202B9600501296 /* AppIcon40x40@2x~ipad.png in Resources */ = {isa = PBXBuildFile; fileRef = 0072C88B1D202B9600501296 /* AppIcon40x40@2x~ipad.png */; };
		0072C8921D202B9600501296 /* AppIcon40x40@3x.png in Resources */ = {isa = PBXBuildFile; fileRef = 0072C88C1D202B9600501296 /* AppIcon40x40@3x.png */; };
		0072C8931D202B9600501296 /* AppIcon40x40~ipad.png in Resources */ = {isa = PBXBuildFile; fileRef = 0072C88D1D202B9600501296 /* AppIcon40x40~ipad.png */; };
		0072C8941D202B9600501296 /* AppIcon76x76@2x~ipad.png in Resources */ = {isa = PBXBuildFile; fileRef = 0072C88E1D202B9600501296 /* AppIcon76x76@2x~ipad.png */; };
		0072C8951D202B9600501296 /* AppIcon76x76~ipad.png in Resources */ = {isa = PBXBuildFile; fileRef = 0072C88F1D202B9600501296 /* AppIcon76x76~ipad.png */; };
		00944EE81D1E7E26005A5B10 /* img5.jpeg in Resources */ = {isa = PBXBuildFile; fileRef = 00944EE71D1E7E26005A5B10 /* img5.jpeg */; };
		00C950051D23B6C40025B3B9 /* progresshud_background@2x.png in Resources */ = {isa = PBXBuildFile; fileRef = 00C950041D23B6C40025B3B9 /* progresshud_background@2x.png */; };
		00C9500A1D23B7150025B3B9 /* navigationbar_background_os7.png in Resources */ = {isa = PBXBuildFile; fileRef = 00C950061D23B7150025B3B9 /* navigationbar_background_os7.png */; };
		00C9500B1D23B7150025B3B9 /* navigationbar_background_os7@2x.png in Resources */ = {isa = PBXBuildFile; fileRef = 00C950071D23B7150025B3B9 /* navigationbar_background_os7@2x.png */; };
		00C9500C1D23B7150025B3B9 /* navigationbar_background.png in Resources */ = {isa = PBXBuildFile; fileRef = 00C950081D23B7150025B3B9 /* navigationbar_background.png */; };
		00C9500D1D23B7150025B3B9 /* navigationbar_background@2x.png in Resources */ = {isa = PBXBuildFile; fileRef = 00C950091D23B7150025B3B9 /* navigationbar_background@2x.png */; };
		00C9500F1D23BE1A0025B3B9 /* background.png in Resources */ = {isa = PBXBuildFile; fileRef = 00C9500E1D23BE1A0025B3B9 /* background.png */; };
		00E15FD71D20E9F800DF300F /* TabBarViewController.m in Sources */ = {isa = PBXBuildFile; fileRef = 00E15FD61D20E9F800DF300F /* TabBarViewController.m */; };
/* End PBXBuildFile section */

/* Begin PBXContainerItemProxy section */
		0008A7CE1D1E224300C79AA4 /* PBXContainerItemProxy */ = {
			isa = PBXContainerItemProxy;
			containerPortal = 0008A7AC1D1E224300C79AA4 /* Project object */;
			proxyType = 1;
			remoteGlobalIDString = 0008A7B31D1E224300C79AA4;
			remoteInfo = ScrollViewDemo;
		};
		0008A7D91D1E224300C79AA4 /* PBXContainerItemProxy */ = {
			isa = PBXContainerItemProxy;
			containerPortal = 0008A7AC1D1E224300C79AA4 /* Project object */;
			proxyType = 1;
			remoteGlobalIDString = 0008A7B31D1E224300C79AA4;
			remoteInfo = ScrollViewDemo;
		};
/* End PBXContainerItemProxy section */

/* Begin PBXFileReference section */
		0008A7B41D1E224300C79AA4 /* ScrollViewDemo.app */ = {isa = PBXFileReference; explicitFileType = wrapper.application; includeInIndex = 0; path = ScrollViewDemo.app; sourceTree = BUILT_PRODUCTS_DIR; };
		0008A7B81D1E224300C79AA4 /* main.m */ = {isa = PBXFileReference; lastKnownFileType = sourcecode.c.objc; path = main.m; sourceTree = "<group>"; };
		0008A7BA1D1E224300C79AA4 /* AppDelegate.h */ = {isa = PBXFileReference; lastKnownFileType = sourcecode.c.h; path = AppDelegate.h; sourceTree = "<group>"; };
		0008A7BB1D1E224300C79AA4 /* AppDelegate.m */ = {isa = PBXFileReference; lastKnownFileType = sourcecode.c.objc; path = AppDelegate.m; sourceTree = "<group>"; };
		0008A7BD1D1E224300C79AA4 /* ViewController.h */ = {isa = PBXFileReference; lastKnownFileType = sourcecode.c.h; path = ViewController.h; sourceTree = "<group>"; };
		0008A7BE1D1E224300C79AA4 /* ViewController.m */ = {isa = PBXFileReference; lastKnownFileType = sourcecode.c.objc; path = ViewController.m; sourceTree = "<group>"; };
		0008A7C11D1E224300C79AA4 /* Base */ = {isa = PBXFileReference; lastKnownFileType = file.storyboard; name = Base; path = Base.lproj/Main.storyboard; sourceTree = "<group>"; };
		0008A7C31D1E224300C79AA4 /* Assets.xcassets */ = {isa = PBXFileReference; lastKnownFileType = folder.assetcatalog; path = Assets.xcassets; sourceTree = "<group>"; };
		0008A7C61D1E224300C79AA4 /* Base */ = {isa = PBXFileReference; lastKnownFileType = file.storyboard; name = Base; path = Base.lproj/LaunchScreen.storyboard; sourceTree = "<group>"; };
		0008A7C81D1E224300C79AA4 /* Info.plist */ = {isa = PBXFileReference; lastKnownFileType = text.plist.xml; path = Info.plist; sourceTree = "<group>"; };
		0008A7CD1D1E224300C79AA4 /* ScrollViewDemoTests.xctest */ = {isa = PBXFileReference; explicitFileType = wrapper.cfbundle; includeInIndex = 0; path = ScrollViewDemoTests.xctest; sourceTree = BUILT_PRODUCTS_DIR; };
		0008A7D11D1E224300C79AA4 /* ScrollViewDemoTests.m */ = {isa = PBXFileReference; lastKnownFileType = sourcecode.c.objc; path = ScrollViewDemoTests.m; sourceTree = "<group>"; };
		0008A7D31D1E224300C79AA4 /* Info.plist */ = {isa = PBXFileReference; lastKnownFileType = text.plist.xml; path = Info.plist; sourceTree = "<group>"; };
		0008A7D81D1E224300C79AA4 /* ScrollViewDemoUITests.xctest */ = {isa = PBXFileReference; explicitFileType = wrapper.cfbundle; includeInIndex = 0; path = ScrollViewDemoUITests.xctest; sourceTree = BUILT_PRODUCTS_DIR; };
		0008A7DC1D1E224300C79AA4 /* ScrollViewDemoUITests.m */ = {isa = PBXFileReference; lastKnownFileType = sourcecode.c.objc; path = ScrollViewDemoUITests.m; sourceTree = "<group>"; };
		0008A7DE1D1E224300C79AA4 /* Info.plist */ = {isa = PBXFileReference; lastKnownFileType = text.plist.xml; path = Info.plist; sourceTree = "<group>"; };
		0008A7EB1D1E29D000C79AA4 /* img1.jpeg */ = {isa = PBXFileReference; lastKnownFileType = image.jpeg; path = img1.jpeg; sourceTree = "<group>"; };
		0008A7EC1D1E29D000C79AA4 /* img2.jpeg */ = {isa = PBXFileReference; lastKnownFileType = image.jpeg; path = img2.jpeg; sourceTree = "<group>"; };
		0008A7ED1D1E29D000C79AA4 /* img3.jpeg */ = {isa = PBXFileReference; lastKnownFileType = image.jpeg; path = img3.jpeg; sourceTree = "<group>"; };
		0008A7EE1D1E29D000C79AA4 /* img4.jpeg */ = {isa = PBXFileReference; lastKnownFileType = image.jpeg; path = img4.jpeg; sourceTree = "<group>"; };
		0008A7F51D1E2C6E00C79AA4 /* img.png */ = {isa = PBXFileReference; lastKnownFileType = image.png; path = img.png; sourceTree = "<group>"; };
		0008A7F71D1E2CC600C79AA4 /* AppIcon60x60@2x.png */ = {isa = PBXFileReference; lastKnownFileType = image.png; path = "AppIcon60x60@2x.png"; sourceTree = "<group>"; };
		0008A7F81D1E2CC600C79AA4 /* AppIcon60x60@3x.png */ = {isa = PBXFileReference; lastKnownFileType = image.png; path = "AppIcon60x60@3x.png"; sourceTree = "<group>"; };
		0008A7F91D1E2CC600C79AA4 /* Icon@2x.png */ = {isa = PBXFileReference; lastKnownFileType = image.png; path = "Icon@2x.png"; sourceTree = "<group>"; };
		0072C88A1D202B9600501296 /* AppIcon40x40@2x.png */ = {isa = PBXFileReference; lastKnownFileType = image.png; path = "AppIcon40x40@2x.png"; sourceTree = "<group>"; };
		0072C88B1D202B9600501296 /* AppIcon40x40@2x~ipad.png */ = {isa = PBXFileReference; lastKnownFileType = image.png; path = "AppIcon40x40@2x~ipad.png"; sourceTree = "<group>"; };
		0072C88C1D202B9600501296 /* AppIcon40x40@3x.png */ = {isa = PBXFileReference; lastKnownFileType = image.png; path = "AppIcon40x40@3x.png"; sourceTree = "<group>"; };
		0072C88D1D202B9600501296 /* AppIcon40x40~ipad.png */ = {isa = PBXFileReference; lastKnownFileType = image.png; path = "AppIcon40x40~ipad.png"; sourceTree = "<group>"; };
		0072C88E1D202B9600501296 /* AppIcon76x76@2x~ipad.png */ = {isa = PBXFileReference; lastKnownFileType = image.png; path = "AppIcon76x76@2x~ipad.png"; sourceTree = "<group>"; };
		0072C88F1D202B9600501296 /* AppIcon76x76~ipad.png */ = {isa = PBXFileReference; lastKnownFileType = image.png; path = "AppIcon76x76~ipad.png"; sourceTree = "<group>"; };
		00944EE51D1E7566005A5B10 /* Common.h */ = {isa = PBXFileReference; lastKnownFileType = sourcecode.c.h; path = Common.h; sourceTree = "<group>"; };
		00944EE61D1E770B005A5B10 /* PrefixHeader.pch */ = {isa = PBXFileReference; lastKnownFileType = sourcecode.c.h; path = PrefixHeader.pch; sourceTree = "<group>"; };
		00944EE71D1E7E26005A5B10 /* img5.jpeg */ = {isa = PBXFileReference; lastKnownFileType = image.jpeg; path = img5.jpeg; sourceTree = "<group>"; };
		00C950041D23B6C40025B3B9 /* progresshud_background@2x.png */ = {isa = PBXFileReference; lastKnownFileType = image.png; path = "progresshud_background@2x.png"; sourceTree = "<group>"; };
		00C950061D23B7150025B3B9 /* navigationbar_background_os7.png */ = {isa = PBXFileReference; lastKnownFileType = image.png; path = navigationbar_background_os7.png; sourceTree = "<group>"; };
		00C950071D23B7150025B3B9 /* navigationbar_background_os7@2x.png */ = {isa = PBXFileReference; lastKnownFileType = image.png; path = "navigationbar_background_os7@2x.png"; sourceTree = "<group>"; };
		00C950081D23B7150025B3B9 /* navigationbar_background.png */ = {isa = PBXFileReference; lastKnownFileType = image.png; path = navigationbar_background.png; sourceTree = "<group>"; };
		00C950091D23B7150025B3B9 /* navigationbar_background@2x.png */ = {isa = PBXFileReference; lastKnownFileType = image.png; path = "navigationbar_background@2x.png"; sourceTree = "<group>"; };
		00C9500E1D23BE1A0025B3B9 /* background.png */ = {isa = PBXFileReference; lastKnownFileType = image.png; path = background.png; sourceTree = "<group>"; };
		00E15FD51D20E9F800DF300F /* TabBarViewController.h */ = {isa = PBXFileReference; fileEncoding = 4; lastKnownFileType = sourcecode.c.h; path = TabBarViewController.h; sourceTree = "<group>"; };
		00E15FD61D20E9F800DF300F /* TabBarViewController.m */ = {isa = PBXFileReference; fileEncoding = 4; lastKnownFileType = sourcecode.c.objc; path = TabBarViewController.m; sourceTree = "<group>"; };
/* End PBXFileReference section */

/* Begin PBXFrameworksBuildPhase section */
		0008A7B11D1E224300C79AA4 /* Frameworks */ = {
			isa = PBXFrameworksBuildPhase;
			buildActionMask = 2147483647;
			files = (
			);
			runOnlyForDeploymentPostprocessing = 0;
		};
		0008A7CA1D1E224300C79AA4 /* Frameworks */ = {
			isa = PBXFrameworksBuildPhase;
			buildActionMask = 2147483647;
			files = (
			);
			runOnlyForDeploymentPostprocessing = 0;
		};
		0008A7D51D1E224300C79AA4 /* Frameworks */ = {
			isa = PBXFrameworksBuildPhase;
			buildActionMask = 2147483647;
			files = (
			);
			runOnlyForDeploymentPostprocessing = 0;
		};
/* End PBXFrameworksBuildPhase section */

/* Begin PBXGroup section */
		0008A7AB1D1E224300C79AA4 = {
			isa = PBXGroup;
			children = (
				00E15FD31D20E9D900DF300F /* Class */,
				00944EE41D1E7558005A5B10 /* Common */,
				0008A7EA1D1E290200C79AA4 /* Resources */,
				0008A7B61D1E224300C79AA4 /* ScrollViewDemo */,
				0008A7D01D1E224300C79AA4 /* ScrollViewDemoTests */,
				0008A7DB1D1E224300C79AA4 /* ScrollViewDemoUITests */,
				0008A7B51D1E224300C79AA4 /* Products */,
			);
			sourceTree = "<group>";
		};
		0008A7B51D1E224300C79AA4 /* Products */ = {
			isa = PBXGroup;
			children = (
				0008A7B41D1E224300C79AA4 /* ScrollViewDemo.app */,
				0008A7CD1D1E224300C79AA4 /* ScrollViewDemoTests.xctest */,
				0008A7D81D1E224300C79AA4 /* ScrollViewDemoUITests.xctest */,
			);
			name = Products;
			sourceTree = "<group>";
		};
		0008A7B61D1E224300C79AA4 /* ScrollViewDemo */ = {
			isa = PBXGroup;
			children = (
				00944EE61D1E770B005A5B10 /* PrefixHeader.pch */,
				0008A7BA1D1E224300C79AA4 /* AppDelegate.h */,
				0008A7BB1D1E224300C79AA4 /* AppDelegate.m */,
				0008A7BD1D1E224300C79AA4 /* ViewController.h */,
				0008A7BE1D1E224300C79AA4 /* ViewController.m */,
				0008A7C01D1E224300C79AA4 /* Main.storyboard */,
				0008A7C31D1E224300C79AA4 /* Assets.xcassets */,
				0008A7C51D1E224300C79AA4 /* LaunchScreen.storyboard */,
				0008A7C81D1E224300C79AA4 /* Info.plist */,
				0008A7B71D1E224300C79AA4 /* Supporting Files */,
			);
			path = ScrollViewDemo;
			sourceTree = "<group>";
		};
		0008A7B71D1E224300C79AA4 /* Supporting Files */ = {
			isa = PBXGroup;
			children = (
				0008A7B81D1E224300C79AA4 /* main.m */,
			);
			name = "Supporting Files";
			sourceTree = "<group>";
		};
		0008A7D01D1E224300C79AA4 /* ScrollViewDemoTests */ = {
			isa = PBXGroup;
			children = (
				0008A7D11D1E224300C79AA4 /* ScrollViewDemoTests.m */,
				0008A7D31D1E224300C79AA4 /* Info.plist */,
			);
			path = ScrollViewDemoTests;
			sourceTree = "<group>";
		};
		0008A7DB1D1E224300C79AA4 /* ScrollViewDemoUITests */ = {
			isa = PBXGroup;
			children = (
				0008A7DC1D1E224300C79AA4 /* ScrollViewDemoUITests.m */,
				0008A7DE1D1E224300C79AA4 /* Info.plist */,
			);
			path = ScrollViewDemoUITests;
			sourceTree = "<group>";
		};
		0008A7EA1D1E290200C79AA4 /* Resources */ = {
			isa = PBXGroup;
			children = (
				00C9500E1D23BE1A0025B3B9 /* background.png */,
				00C950061D23B7150025B3B9 /* navigationbar_background_os7.png */,
				00C950071D23B7150025B3B9 /* navigationbar_background_os7@2x.png */,
				00C950081D23B7150025B3B9 /* navigationbar_background.png */,
				00C950091D23B7150025B3B9 /* navigationbar_background@2x.png */,
				00C950041D23B6C40025B3B9 /* progresshud_background@2x.png */,
				0072C88A1D202B9600501296 /* AppIcon40x40@2x.png */,
				0072C88B1D202B9600501296 /* AppIcon40x40@2x~ipad.png */,
				0072C88C1D202B9600501296 /* AppIcon40x40@3x.png */,
				0072C88D1D202B9600501296 /* AppIcon40x40~ipad.png */,
				0072C88E1D202B9600501296 /* AppIcon76x76@2x~ipad.png */,
				0072C88F1D202B9600501296 /* AppIcon76x76~ipad.png */,
				0008A7F71D1E2CC600C79AA4 /* AppIcon60x60@2x.png */,
				0008A7F81D1E2CC600C79AA4 /* AppIcon60x60@3x.png */,
				0008A7F91D1E2CC600C79AA4 /* Icon@2x.png */,
				0008A7F51D1E2C6E00C79AA4 /* img.png */,
				0008A7EB1D1E29D000C79AA4 /* img1.jpeg */,
				0008A7EC1D1E29D000C79AA4 /* img2.jpeg */,
				0008A7ED1D1E29D000C79AA4 /* img3.jpeg */,
				0008A7EE1D1E29D000C79AA4 /* img4.jpeg */,
				00944EE71D1E7E26005A5B10 /* img5.jpeg */,
			);
			path = Resources;
			sourceTree = "<group>";
		};
		00944EE41D1E7558005A5B10 /* Common */ = {
			isa = PBXGroup;
			children = (
				00944EE51D1E7566005A5B10 /* Common.h */,
			);
			path = Common;
			sourceTree = "<group>";
		};
		00E15FD31D20E9D900DF300F /* Class */ = {
			isa = PBXGroup;
			children = (
				00E15FD41D20E9D900DF300F /* SrollDemoViewControllers */,
			);
			path = Class;
			sourceTree = "<group>";
		};
		00E15FD41D20E9D900DF300F /* SrollDemoViewControllers */ = {
			isa = PBXGroup;
			children = (
				00E15FD51D20E9F800DF300F /* TabBarViewController.h */,
				00E15FD61D20E9F800DF300F /* TabBarViewController.m */,
			);
			path = SrollDemoViewControllers;
			sourceTree = "<group>";
		};
/* End PBXGroup section */

/* Begin PBXNativeTarget section */
		0008A7B31D1E224300C79AA4 /* ScrollViewDemo */ = {
			isa = PBXNativeTarget;
			buildConfigurationList = 0008A7E11D1E224300C79AA4 /* Build configuration list for PBXNativeTarget "ScrollViewDemo" */;
			buildPhases = (
				0008A7B01D1E224300C79AA4 /* Sources */,
				0008A7B11D1E224300C79AA4 /* Frameworks */,
				0008A7B21D1E224300C79AA4 /* Resources */,
			);
			buildRules = (
			);
			dependencies = (
			);
			name = ScrollViewDemo;
			productName = ScrollViewDemo;
			productReference = 0008A7B41D1E224300C79AA4 /* ScrollViewDemo.app */;
			productType = "com.apple.product-type.application";
		};
		0008A7CC1D1E224300C79AA4 /* ScrollViewDemoTests */ = {
			isa = PBXNativeTarget;
			buildConfigurationList = 0008A7E41D1E224300C79AA4 /* Build configuration list for PBXNativeTarget "ScrollViewDemoTests" */;
			buildPhases = (
				0008A7C91D1E224300C79AA4 /* Sources */,
				0008A7CA1D1E224300C79AA4 /* Frameworks */,
				0008A7CB1D1E224300C79AA4 /* Resources */,
			);
			buildRules = (
			);
			dependencies = (
				0008A7CF1D1E224300C79AA4 /* PBXTargetDependency */,
			);
			name = ScrollViewDemoTests;
			productName = ScrollViewDemoTests;
			productReference = 0008A7CD1D1E224300C79AA4 /* ScrollViewDemoTests.xctest */;
			productType = "com.apple.product-type.bundle.unit-test";
		};
		0008A7D71D1E224300C79AA4 /* ScrollViewDemoUITests */ = {
			isa = PBXNativeTarget;
			buildConfigurationList = 0008A7E71D1E224300C79AA4 /* Build configuration list for PBXNativeTarget "ScrollViewDemoUITests" */;
			buildPhases = (
				0008A7D41D1E224300C79AA4 /* Sources */,
				0008A7D51D1E224300C79AA4 /* Frameworks */,
				0008A7D61D1E224300C79AA4 /* Resources */,
			);
			buildRules = (
			);
			dependencies = (
				0008A7DA1D1E224300C79AA4 /* PBXTargetDependency */,
			);
			name = ScrollViewDemoUITests;
			productName = ScrollViewDemoUITests;
			productReference = 0008A7D81D1E224300C79AA4 /* ScrollViewDemoUITests.xctest */;
			productType = "com.apple.product-type.bundle.ui-testing";
		};
/* End PBXNativeTarget section */

/* Begin PBXProject section */
		0008A7AC1D1E224300C79AA4 /* Project object */ = {
			isa = PBXProject;
			attributes = {
				LastUpgradeCheck = 0730;
				ORGANIZATIONNAME = Terence;
				TargetAttributes = {
					0008A7B31D1E224300C79AA4 = {
						CreatedOnToolsVersion = 7.3.1;
						DevelopmentTeam = 243F47H446;
					};
					0008A7CC1D1E224300C79AA4 = {
						CreatedOnToolsVersion = 7.3.1;
						TestTargetID = 0008A7B31D1E224300C79AA4;
					};
					0008A7D71D1E224300C79AA4 = {
						CreatedOnToolsVersion = 7.3.1;
						TestTargetID = 0008A7B31D1E224300C79AA4;
					};
				};
			};
			buildConfigurationList = 0008A7AF1D1E224300C79AA4 /* Build configuration list for PBXProject "ScrollViewDemo" */;
			compatibilityVersion = "Xcode 3.2";
			developmentRegion = English;
			hasScannedForEncodings = 0;
			knownRegions = (
				en,
				Base,
			);
			mainGroup = 0008A7AB1D1E224300C79AA4;
			productRefGroup = 0008A7B51D1E224300C79AA4 /* Products */;
			projectDirPath = "";
			projectRoot = "";
			targets = (
				0008A7B31D1E224300C79AA4 /* ScrollViewDemo */,
				0008A7CC1D1E224300C79AA4 /* ScrollViewDemoTests */,
				0008A7D71D1E224300C79AA4 /* ScrollViewDemoUITests */,
			);
		};
/* End PBXProject section */

/* Begin PBXResourcesBuildPhase section */
		0008A7B21D1E224300C79AA4 /* Resources */ = {
			isa = PBXResourcesBuildPhase;
			buildActionMask = 2147483647;
			files = (
				00C9500B1D23B7150025B3B9 /* navigationbar_background_os7@2x.png in Resources */,
				00C9500F1D23BE1A0025B3B9 /* background.png in Resources */,
				0008A7FB1D1E2CC600C79AA4 /* AppIcon60x60@3x.png in Resources */,
				00944EE81D1E7E26005A5B10 /* img5.jpeg in Resources */,
				0008A7FC1D1E2CC600C79AA4 /* Icon@2x.png in Resources */,
				00C9500D1D23B7150025B3B9 /* navigationbar_background@2x.png in Resources */,
				00C950051D23B6C40025B3B9 /* progresshud_background@2x.png in Resources */,
				0072C8911D202B9600501296 /* AppIcon40x40@2x~ipad.png in Resources */,
				0008A7FA1D1E2CC600C79AA4 /* AppIcon60x60@2x.png in Resources */,
				0008A7F11D1E29D000C79AA4 /* img2.jpeg in Resources */,
				0072C8951D202B9600501296 /* AppIcon76x76~ipad.png in Resources */,
				00C9500C1D23B7150025B3B9 /* navigationbar_background.png in Resources */,
				0072C8941D202B9600501296 /* AppIcon76x76@2x~ipad.png in Resources */,
				0008A7F31D1E29D000C79AA4 /* img4.jpeg in Resources */,
				00C9500A1D23B7150025B3B9 /* navigationbar_background_os7.png in Resources */,
				0072C8901D202B9600501296 /* AppIcon40x40@2x.png in Resources */,
				0072C8921D202B9600501296 /* AppIcon40x40@3x.png in Resources */,
				0008A7C71D1E224300C79AA4 /* LaunchScreen.storyboard in Resources */,
				0008A7C41D1E224300C79AA4 /* Assets.xcassets in Resources */,
				0008A7C21D1E224300C79AA4 /* Main.storyboard in Resources */,
				0008A7F61D1E2C6E00C79AA4 /* img.png in Resources */,
				0008A7F01D1E29D000C79AA4 /* img1.jpeg in Resources */,
				0072C8931D202B9600501296 /* AppIcon40x40~ipad.png in Resources */,
				0008A7F21D1E29D000C79AA4 /* img3.jpeg in Resources */,
			);
			runOnlyForDeploymentPostprocessing = 0;
		};
		0008A7CB1D1E224300C79AA4 /* Resources */ = {
			isa = PBXResourcesBuildPhase;
			buildActionMask = 2147483647;
			files = (
			);
			runOnlyForDeploymentPostprocessing = 0;
		};
		0008A7D61D1E224300C79AA4 /* Resources */ = {
			isa = PBXResourcesBuildPhase;
			buildActionMask = 2147483647;
			files = (
			);
			runOnlyForDeploymentPostprocessing = 0;
		};
/* End PBXResourcesBuildPhase section */

/* Begin PBXSourcesBuildPhase section */
		0008A7B01D1E224300C79AA4 /* Sources */ = {
			isa = PBXSourcesBuildPhase;
			buildActionMask = 2147483647;
			files = (
				00E15FD71D20E9F800DF300F /* TabBarViewController.m in Sources */,
				0008A7BF1D1E224300C79AA4 /* ViewController.m in Sources */,
				0008A7BC1D1E224300C79AA4 /* AppDelegate.m in Sources */,
				0008A7B91D1E224300C79AA4 /* main.m in Sources */,
			);
			runOnlyForDeploymentPostprocessing = 0;
		};
		0008A7C91D1E224300C79AA4 /* Sources */ = {
			isa = PBXSourcesBuildPhase;
			buildActionMask = 2147483647;
			files = (
				0008A7D21D1E224300C79AA4 /* ScrollViewDemoTests.m in Sources */,
			);
			runOnlyForDeploymentPostprocessing = 0;
		};
		0008A7D41D1E224300C79AA4 /* Sources */ = {
			isa = PBXSourcesBuildPhase;
			buildActionMask = 2147483647;
			files = (
				0008A7DD1D1E224300C79AA4 /* ScrollViewDemoUITests.m in Sources */,
			);
			runOnlyForDeploymentPostprocessing = 0;
		};
/* End PBXSourcesBuildPhase section */

/* Begin PBXTargetDependency section */
		0008A7CF1D1E224300C79AA4 /* PBXTargetDependency */ = {
			isa = PBXTargetDependency;
			target = 0008A7B31D1E224300C79AA4 /* ScrollViewDemo */;
			targetProxy = 0008A7CE1D1E224300C79AA4 /* PBXContainerItemProxy */;
		};
		0008A7DA1D1E224300C79AA4 /* PBXTargetDependency */ = {
			isa = PBXTargetDependency;
			target = 0008A7B31D1E224300C79AA4 /* ScrollViewDemo */;
			targetProxy = 0008A7D91D1E224300C79AA4 /* PBXContainerItemProxy */;
		};
/* End PBXTargetDependency section */

/* Begin PBXVariantGroup section */
		0008A7C01D1E224300C79AA4 /* Main.storyboard */ = {
			isa = PBXVariantGroup;
			children = (
				0008A7C11D1E224300C79AA4 /* Base */,
			);
			name = Main.storyboard;
			sourceTree = "<group>";
		};
		0008A7C51D1E224300C79AA4 /* LaunchScreen.storyboard */ = {
			isa = PBXVariantGroup;
			children = (
				0008A7C61D1E224300C79AA4 /* Base */,
			);
			name = LaunchScreen.storyboard;
			sourceTree = "<group>";
		};
/* End PBXVariantGroup section */

/* Begin XCBuildConfiguration section */
		0008A7DF1D1E224300C79AA4 /* Debug */ = {
			isa = XCBuildConfiguration;
			buildSettings = {
				ALWAYS_SEARCH_USER_PATHS = NO;
				CLANG_ANALYZER_NONNULL = YES;
				CLANG_CXX_LANGUAGE_STANDARD = "gnu++0x";
				CLANG_CXX_LIBRARY = "libc++";
				CLANG_ENABLE_MODULES = YES;
				CLANG_ENABLE_OBJC_ARC = YES;
				CLANG_WARN_BOOL_CONVERSION = YES;
				CLANG_WARN_CONSTANT_CONVERSION = YES;
				CLANG_WARN_DIRECT_OBJC_ISA_USAGE = YES_ERROR;
				CLANG_WARN_EMPTY_BODY = YES;
				CLANG_WARN_ENUM_CONVERSION = YES;
				CLANG_WARN_INT_CONVERSION = YES;
				CLANG_WARN_OBJC_ROOT_CLASS = YES_ERROR;
				CLANG_WARN_UNREACHABLE_CODE = YES;
				CLANG_WARN__DUPLICATE_METHOD_MATCH = YES;
				"CODE_SIGN_IDENTITY[sdk=iphoneos*]" = "iPhone Developer";
				COPY_PHASE_STRIP = NO;
				DEBUG_INFORMATION_FORMAT = dwarf;
				ENABLE_STRICT_OBJC_MSGSEND = YES;
				ENABLE_TESTABILITY = YES;
				GCC_C_LANGUAGE_STANDARD = gnu99;
				GCC_DYNAMIC_NO_PIC = NO;
				GCC_NO_COMMON_BLOCKS = YES;
				GCC_OPTIMIZATION_LEVEL = 0;
				GCC_PREPROCESSOR_DEFINITIONS = (
					"DEBUG=1",
					"$(inherited)",
				);
				GCC_WARN_64_TO_32_BIT_CONVERSION = YES;
				GCC_WARN_ABOUT_RETURN_TYPE = YES_ERROR;
				GCC_WARN_UNDECLARED_SELECTOR = YES;
				GCC_WARN_UNINITIALIZED_AUTOS = YES_AGGRESSIVE;
				GCC_WARN_UNUSED_FUNCTION = YES;
				GCC_WARN_UNUSED_VARIABLE = YES;
				IPHONEOS_DEPLOYMENT_TARGET = 9.3;
				MTL_ENABLE_DEBUG_INFO = YES;
				ONLY_ACTIVE_ARCH = YES;
				SDKROOT = iphoneos;
			};
			name = Debug;
		};
		0008A7E01D1E224300C79AA4 /* Release */ = {
			isa = XCBuildConfiguration;
			buildSettings = {
				ALWAYS_SEARCH_USER_PATHS = NO;
				CLANG_ANALYZER_NONNULL = YES;
				CLANG_CXX_LANGUAGE_STANDARD = "gnu++0x";
				CLANG_CXX_LIBRARY = "libc++";
				CLANG_ENABLE_MODULES = YES;
				CLANG_ENABLE_OBJC_ARC = YES;
				CLANG_WARN_BOOL_CONVERSION = YES;
				CLANG_WARN_CONSTANT_CONVERSION = YES;
				CLANG_WARN_DIRECT_OBJC_ISA_USAGE = YES_ERROR;
				CLANG_WARN_EMPTY_BODY = YES;
				CLANG_WARN_ENUM_CONVERSION = YES;
				CLANG_WARN_INT_CONVERSION = YES;
				CLANG_WARN_OBJC_ROOT_CLASS = YES_ERROR;
				CLANG_WARN_UNREACHABLE_CODE = YES;
				CLANG_WARN__DUPLICATE_METHOD_MATCH = YES;
				"CODE_SIGN_IDENTITY[sdk=iphoneos*]" = "iPhone Developer";
				COPY_PHASE_STRIP = NO;
				DEBUG_INFORMATION_FORMAT = "dwarf-with-dsym";
				ENABLE_NS_ASSERTIONS = NO;
				ENABLE_STRICT_OBJC_MSGSEND = YES;
				GCC_C_LANGUAGE_STANDARD = gnu99;
				GCC_NO_COMMON_BLOCKS = YES;
				GCC_WARN_64_TO_32_BIT_CONVERSION = YES;
				GCC_WARN_ABOUT_RETURN_TYPE = YES_ERROR;
				GCC_WARN_UNDECLARED_SELECTOR = YES;
				GCC_WARN_UNINITIALIZED_AUTOS = YES_AGGRESSIVE;
				GCC_WARN_UNUSED_FUNCTION = YES;
				GCC_WARN_UNUSED_VARIABLE = YES;
				IPHONEOS_DEPLOYMENT_TARGET = 9.3;
				MTL_ENABLE_DEBUG_INFO = NO;
				SDKROOT = iphoneos;
				VALIDATE_PRODUCT = YES;
			};
			name = Release;
		};
		0008A7E21D1E224300C79AA4 /* Debug */ = {
			isa = XCBuildConfiguration;
			buildSettings = {
				ASSETCATALOG_COMPILER_APPICON_NAME = AppIcon;
				CODE_SIGN_IDENTITY = "iPhone Developer";
				GCC_ENABLE_BUILTIN_FUNCTIONS = NO;
				GCC_INCREASE_PRECOMPILED_HEADER_SHARING = NO;
				GCC_PRECOMPILE_PREFIX_HEADER = YES;
				GCC_PREFIX_HEADER = ScrollViewDemo/PrefixHeader.pch;
				INFOPLIST_FILE = ScrollViewDemo/Info.plist;
				IPHONEOS_DEPLOYMENT_TARGET = 8.4;
				LD_RUNPATH_SEARCH_PATHS = "$(inherited) @executable_path/Frameworks";
				PRODUCT_BUNDLE_IDENTIFIER = ter.ScrollViewDemo;
				PRODUCT_NAME = "$(TARGET_NAME)";
			};
			name = Debug;
		};
		0008A7E31D1E224300C79AA4 /* Release */ = {
			isa = XCBuildConfiguration;
			buildSettings = {
				ASSETCATALOG_COMPILER_APPICON_NAME = AppIcon;
				CODE_SIGN_IDENTITY = "iPhone Developer";
				GCC_ENABLE_BUILTIN_FUNCTIONS = NO;
				GCC_INCREASE_PRECOMPILED_HEADER_SHARING = NO;
				GCC_PRECOMPILE_PREFIX_HEADER = YES;
				GCC_PREFIX_HEADER = ScrollViewDemo/PrefixHeader.pch;
				INFOPLIST_FILE = ScrollViewDemo/Info.plist;
				IPHONEOS_DEPLOYMENT_TARGET = 8.4;
				LD_RUNPATH_SEARCH_PATHS = "$(inherited) @executable_path/Frameworks";
				PRODUCT_BUNDLE_IDENTIFIER = ter.ScrollViewDemo;
				PRODUCT_NAME = "$(TARGET_NAME)";
			};
			name = Release;
		};
		0008A7E51D1E224300C79AA4 /* Debug */ = {
			isa = XCBuildConfiguration;
			buildSettings = {
				BUNDLE_LOADER = "$(TEST_HOST)";
				INFOPLIST_FILE = ScrollViewDemoTests/Info.plist;
				LD_RUNPATH_SEARCH_PATHS = "$(inherited) @executable_path/Frameworks @loader_path/Frameworks";
				PRODUCT_BUNDLE_IDENTIFIER = ter.ScrollViewDemoTests;
				PRODUCT_NAME = "$(TARGET_NAME)";
				TEST_HOST = "$(BUILT_PRODUCTS_DIR)/ScrollViewDemo.app/ScrollViewDemo";
			};
			name = Debug;
		};
		0008A7E61D1E224300C79AA4 /* Release */ = {
			isa = XCBuildConfiguration;
			buildSettings = {
				BUNDLE_LOADER = "$(TEST_HOST)";
				INFOPLIST_FILE = ScrollViewDemoTests/Info.plist;
				LD_RUNPATH_SEARCH_PATHS = "$(inherited) @executable_path/Frameworks @loader_path/Frameworks";
				PRODUCT_BUNDLE_IDENTIFIER = ter.ScrollViewDemoTests;
				PRODUCT_NAME = "$(TARGET_NAME)";
				TEST_HOST = "$(BUILT_PRODUCTS_DIR)/ScrollViewDemo.app/ScrollViewDemo";
			};
			name = Release;
		};
		0008A7E81D1E224300C79AA4 /* Debug */ = {
			isa = XCBuildConfiguration;
			buildSettings = {
				INFOPLIST_FILE = ScrollViewDemoUITests/Info.plist;
				LD_RUNPATH_SEARCH_PATHS = "$(inherited) @executable_path/Frameworks @loader_path/Frameworks";
				PRODUCT_BUNDLE_IDENTIFIER = ter.ScrollViewDemoUITests;
				PRODUCT_NAME = "$(TARGET_NAME)";
				TEST_TARGET_NAME = ScrollViewDemo;
			};
			name = Debug;
		};
		0008A7E91D1E224300C79AA4 /* Release */ = {
			isa = XCBuildConfiguration;
			buildSettings = {
				INFOPLIST_FILE = ScrollViewDemoUITests/Info.plist;
				LD_RUNPATH_SEARCH_PATHS = "$(inherited) @executable_path/Frameworks @loader_path/Frameworks";
				PRODUCT_BUNDLE_IDENTIFIER = ter.ScrollViewDemoUITests;
				PRODUCT_NAME = "$(TARGET_NAME)";
				TEST_TARGET_NAME = ScrollViewDemo;
			};
			name = Release;
		};
/* End XCBuildConfiguration section */

/* Begin XCConfigurationList section */
		0008A7AF1D1E224300C79AA4 /* Build configuration list for PBXProject "ScrollViewDemo" */ = {
			isa = XCConfigurationList;
			buildConfigurations = (
				0008A7DF1D1E224300C79AA4 /* Debug */,
				0008A7E01D1E224300C79AA4 /* Release */,
			);
			defaultConfigurationIsVisible = 0;
			defaultConfigurationName = Release;
		};
		0008A7E11D1E224300C79AA4 /* Build configuration list for PBXNativeTarget "ScrollViewDemo" */ = {
			isa = XCConfigurationList;
			buildConfigurations = (
				0008A7E21D1E224300C79AA4 /* Debug */,
				0008A7E31D1E224300C79AA4 /* Release */,
			);
			defaultConfigurationIsVisible = 0;
			defaultConfigurationName = Release;
		};
		0008A7E41D1E224300C79AA4 /* Build configuration list for PBXNativeTarget "ScrollViewDemoTests" */ = {
			isa = XCConfigurationList;
			buildConfigurations = (
				0008A7E51D1E224300C79AA4 /* Debug */,
				0008A7E61D1E224300C79AA4 /* Release */,
			);
			defaultConfigurationIsVisible = 0;
			defaultConfigurationName = Release;
		};
		0008A7E71D1E224300C79AA4 /* Build configuration list for PBXNativeTarget "ScrollViewDemoUITests" */ = {
			isa = XCConfigurationList;
			buildConfigurations = (
				0008A7E81D1E224300C79AA4 /* Debug */,
				0008A7E91D1E224300C79AA4 /* Release */,
			);
			defaultConfigurationIsVisible = 0;
			defaultConfigurationName = Release;
		};
/* End XCConfigurationList section */
	};
	rootObject = 0008A7AC1D1E224300C79AA4 /* Project object */;
}
