// !$*UTF8*$!
{
	archiveVersion = 1;
	classes = {
	};
	objectVersion = 46;
	objects = {

/* Begin PBXBuildFile section */
		005205E01D2B56D200283272 /* main.m in Sources */ = {isa = PBXBuildFile; fileRef = 005205DF1D2B56D200283272 /* main.m */; };
		005205E31D2B56D200283272 /* AppDelegate.m in Sources */ = {isa = PBXBuildFile; fileRef = 005205E21D2B56D200283272 /* AppDelegate.m */; };
		005205E61D2B56D200283272 /* ViewController.m in Sources */ = {isa = PBXBuildFile; fileRef = 005205E51D2B56D200283272 /* ViewController.m */; };
		005205E91D2B56D200283272 /* Main.storyboard in Resources */ = {isa = PBXBuildFile; fileRef = 005205E71D2B56D200283272 /* Main.storyboard */; };
		005205EC1D2B56D200283272 /* PerformDemo.xcdatamodeld in Sources */ = {isa = PBXBuildFile; fileRef = 005205EA1D2B56D200283272 /* PerformDemo.xcdatamodeld */; };
		005205EE1D2B56D200283272 /* Assets.xcassets in Resources */ = {isa = PBXBuildFile; fileRef = 005205ED1D2B56D200283272 /* Assets.xcassets */; };
		005205F11D2B56D200283272 /* LaunchScreen.storyboard in Resources */ = {isa = PBXBuildFile; fileRef = 005205EF1D2B56D200283272 /* LaunchScreen.storyboard */; };
		005205FC1D2B56D200283272 /* PerformDemoTests.m in Sources */ = {isa = PBXBuildFile; fileRef = 005205FB1D2B56D200283272 /* PerformDemoTests.m */; };
		005206071D2B56D200283272 /* PerformDemoUITests.m in Sources */ = {isa = PBXBuildFile; fileRef = 005206061D2B56D200283272 /* PerformDemoUITests.m */; };
/* End PBXBuildFile section */

/* Begin PBXContainerItemProxy section */
		005205F81D2B56D200283272 /* PBXContainerItemProxy */ = {
			isa = PBXContainerItemProxy;
			containerPortal = 005205D31D2B56D200283272 /* Project object */;
			proxyType = 1;
			remoteGlobalIDString = 005205DA1D2B56D200283272;
			remoteInfo = PerformDemo;
		};
		005206031D2B56D200283272 /* PBXContainerItemProxy */ = {
			isa = PBXContainerItemProxy;
			containerPortal = 005205D31D2B56D200283272 /* Project object */;
			proxyType = 1;
			remoteGlobalIDString = 005205DA1D2B56D200283272;
			remoteInfo = PerformDemo;
		};
/* End PBXContainerItemProxy section */

/* Begin PBXFileReference section */
		005205DB1D2B56D200283272 /* PerformDemo.app */ = {isa = PBXFileReference; explicitFileType = wrapper.application; includeInIndex = 0; path = PerformDemo.app; sourceTree = BUILT_PRODUCTS_DIR; };
		005205DF1D2B56D200283272 /* main.m */ = {isa = PBXFileReference; lastKnownFileType = sourcecode.c.objc; path = main.m; sourceTree = "<group>"; };
		005205E11D2B56D200283272 /* AppDelegate.h */ = {isa = PBXFileReference; lastKnownFileType = sourcecode.c.h; path = AppDelegate.h; sourceTree = "<group>"; };
		005205E21D2B56D200283272 /* AppDelegate.m */ = {isa = PBXFileReference; lastKnownFileType = sourcecode.c.objc; path = AppDelegate.m; sourceTree = "<group>"; };
		005205E41D2B56D200283272 /* ViewController.h */ = {isa = PBXFileReference; lastKnownFileType = sourcecode.c.h; path = ViewController.h; sourceTree = "<group>"; };
		005205E51D2B56D200283272 /* ViewController.m */ = {isa = PBXFileReference; lastKnownFileType = sourcecode.c.objc; path = ViewController.m; sourceTree = "<group>"; };
		005205E81D2B56D200283272 /* Base */ = {isa = PBXFileReference; lastKnownFileType = file.storyboard; name = Base; path = Base.lproj/Main.storyboard; sourceTree = "<group>"; };
		005205EB1D2B56D200283272 /* PerformDemo.xcdatamodel */ = {isa = PBXFileReference; lastKnownFileType = wrapper.xcdatamodel; path = PerformDemo.xcdatamodel; sourceTree = "<group>"; };
		005205ED1D2B56D200283272 /* Assets.xcassets */ = {isa = PBXFileReference; lastKnownFileType = folder.assetcatalog; path = Assets.xcassets; sourceTree = "<group>"; };
		005205F01D2B56D200283272 /* Base */ = {isa = PBXFileReference; lastKnownFileType = file.storyboard; name = Base; path = Base.lproj/LaunchScreen.storyboard; sourceTree = "<group>"; };
		005205F21D2B56D200283272 /* Info.plist */ = {isa = PBXFileReference; lastKnownFileType = text.plist.xml; path = Info.plist; sourceTree = "<group>"; };
		005205F71D2B56D200283272 /* PerformDemoTests.xctest */ = {isa = PBXFileReference; explicitFileType = wrapper.cfbundle; includeInIndex = 0; path = PerformDemoTests.xctest; sourceTree = BUILT_PRODUCTS_DIR; };
		005205FB1D2B56D200283272 /* PerformDemoTests.m */ = {isa = PBXFileReference; lastKnownFileType = sourcecode.c.objc; path = PerformDemoTests.m; sourceTree = "<group>"; };
		005205FD1D2B56D200283272 /* Info.plist */ = {isa = PBXFileReference; lastKnownFileType = text.plist.xml; path = Info.plist; sourceTree = "<group>"; };
		005206021D2B56D200283272 /* PerformDemoUITests.xctest */ = {isa = PBXFileReference; explicitFileType = wrapper.cfbundle; includeInIndex = 0; path = PerformDemoUITests.xctest; sourceTree = BUILT_PRODUCTS_DIR; };
		005206061D2B56D200283272 /* PerformDemoUITests.m */ = {isa = PBXFileReference; lastKnownFileType = sourcecode.c.objc; path = PerformDemoUITests.m; sourceTree = "<group>"; };
		005206081D2B56D200283272 /* Info.plist */ = {isa = PBXFileReference; lastKnownFileType = text.plist.xml; path = Info.plist; sourceTree = "<group>"; };
/* End PBXFileReference section */

/* Begin PBXFrameworksBuildPhase section */
		005205D81D2B56D200283272 /* Frameworks */ = {
			isa = PBXFrameworksBuildPhase;
			buildActionMask = 2147483647;
			files = (
			);
			runOnlyForDeploymentPostprocessing = 0;
		};
		005205F41D2B56D200283272 /* Frameworks */ = {
			isa = PBXFrameworksBuildPhase;
			buildActionMask = 2147483647;
			files = (
			);
			runOnlyForDeploymentPostprocessing = 0;
		};
		005205FF1D2B56D200283272 /* Frameworks */ = {
			isa = PBXFrameworksBuildPhase;
			buildActionMask = 2147483647;
			files = (
			);
			runOnlyForDeploymentPostprocessing = 0;
		};
/* End PBXFrameworksBuildPhase section */

/* Begin PBXGroup section */
		005205D21D2B56D200283272 = {
			isa = PBXGroup;
			children = (
				005205DD1D2B56D200283272 /* PerformDemo */,
				005205FA1D2B56D200283272 /* PerformDemoTests */,
				005206051D2B56D200283272 /* PerformDemoUITests */,
				005205DC1D2B56D200283272 /* Products */,
			);
			sourceTree = "<group>";
		};
		005205DC1D2B56D200283272 /* Products */ = {
			isa = PBXGroup;
			children = (
				005205DB1D2B56D200283272 /* PerformDemo.app */,
				005205F71D2B56D200283272 /* PerformDemoTests.xctest */,
				005206021D2B56D200283272 /* PerformDemoUITests.xctest */,
			);
			name = Products;
			sourceTree = "<group>";
		};
		005205DD1D2B56D200283272 /* PerformDemo */ = {
			isa = PBXGroup;
			children = (
				005205E11D2B56D200283272 /* AppDelegate.h */,
				005205E21D2B56D200283272 /* AppDelegate.m */,
				005205E41D2B56D200283272 /* ViewController.h */,
				005205E51D2B56D200283272 /* ViewController.m */,
				005205E71D2B56D200283272 /* Main.storyboard */,
				005205ED1D2B56D200283272 /* Assets.xcassets */,
				005205EF1D2B56D200283272 /* LaunchScreen.storyboard */,
				005205F21D2B56D200283272 /* Info.plist */,
				005205EA1D2B56D200283272 /* PerformDemo.xcdatamodeld */,
				005205DE1D2B56D200283272 /* Supporting Files */,
			);
			path = PerformDemo;
			sourceTree = "<group>";
		};
		005205DE1D2B56D200283272 /* Supporting Files */ = {
			isa = PBXGroup;
			children = (
				005205DF1D2B56D200283272 /* main.m */,
			);
			name = "Supporting Files";
			sourceTree = "<group>";
		};
		005205FA1D2B56D200283272 /* PerformDemoTests */ = {
			isa = PBXGroup;
			children = (
				005205FB1D2B56D200283272 /* PerformDemoTests.m */,
				005205FD1D2B56D200283272 /* Info.plist */,
			);
			path = PerformDemoTests;
			sourceTree = "<group>";
		};
		005206051D2B56D200283272 /* PerformDemoUITests */ = {
			isa = PBXGroup;
			children = (
				005206061D2B56D200283272 /* PerformDemoUITests.m */,
				005206081D2B56D200283272 /* Info.plist */,
			);
			path = PerformDemoUITests;
			sourceTree = "<group>";
		};
/* End PBXGroup section */

/* Begin PBXNativeTarget section */
		005205DA1D2B56D200283272 /* PerformDemo */ = {
			isa = PBXNativeTarget;
			buildConfigurationList = 0052060B1D2B56D200283272 /* Build configuration list for PBXNativeTarget "PerformDemo" */;
			buildPhases = (
				005205D71D2B56D200283272 /* Sources */,
				005205D81D2B56D200283272 /* Frameworks */,
				005205D91D2B56D200283272 /* Resources */,
			);
			buildRules = (
			);
			dependencies = (
			);
			name = PerformDemo;
			productName = PerformDemo;
			productReference = 005205DB1D2B56D200283272 /* PerformDemo.app */;
			productType = "com.apple.product-type.application";
		};
		005205F61D2B56D200283272 /* PerformDemoTests */ = {
			isa = PBXNativeTarget;
			buildConfigurationList = 0052060E1D2B56D200283272 /* Build configuration list for PBXNativeTarget "PerformDemoTests" */;
			buildPhases = (
				005205F31D2B56D200283272 /* Sources */,
				005205F41D2B56D200283272 /* Frameworks */,
				005205F51D2B56D200283272 /* Resources */,
			);
			buildRules = (
			);
			dependencies = (
				005205F91D2B56D200283272 /* PBXTargetDependency */,
			);
			name = PerformDemoTests;
			productName = PerformDemoTests;
			productReference = 005205F71D2B56D200283272 /* PerformDemoTests.xctest */;
			productType = "com.apple.product-type.bundle.unit-test";
		};
		005206011D2B56D200283272 /* PerformDemoUITests */ = {
			isa = PBXNativeTarget;
			buildConfigurationList = 005206111D2B56D200283272 /* Build configuration list for PBXNativeTarget "PerformDemoUITests" */;
			buildPhases = (
				005205FE1D2B56D200283272 /* Sources */,
				005205FF1D2B56D200283272 /* Frameworks */,
				005206001D2B56D200283272 /* Resources */,
			);
			buildRules = (
			);
			dependencies = (
				005206041D2B56D200283272 /* PBXTargetDependency */,
			);
			name = PerformDemoUITests;
			productName = PerformDemoUITests;
			productReference = 005206021D2B56D200283272 /* PerformDemoUITests.xctest */;
			productType = "com.apple.product-type.bundle.ui-testing";
		};
/* End PBXNativeTarget section */

/* Begin PBXProject section */
		005205D31D2B56D200283272 /* Project object */ = {
			isa = PBXProject;
			attributes = {
				LastUpgradeCheck = 0730;
				ORGANIZATIONNAME = Terence;
				TargetAttributes = {
					005205DA1D2B56D200283272 = {
						CreatedOnToolsVersion = 7.3.1;
					};
					005205F61D2B56D200283272 = {
						CreatedOnToolsVersion = 7.3.1;
						TestTargetID = 005205DA1D2B56D200283272;
					};
					005206011D2B56D200283272 = {
						CreatedOnToolsVersion = 7.3.1;
						TestTargetID = 005205DA1D2B56D200283272;
					};
				};
			};
			buildConfigurationList = 005205D61D2B56D200283272 /* Build configuration list for PBXProject "PerformDemo" */;
			compatibilityVersion = "Xcode 3.2";
			developmentRegion = English;
			hasScannedForEncodings = 0;
			knownRegions = (
				en,
				Base,
			);
			mainGroup = 005205D21D2B56D200283272;
			productRefGroup = 005205DC1D2B56D200283272 /* Products */;
			projectDirPath = "";
			projectRoot = "";
			targets = (
				005205DA1D2B56D200283272 /* PerformDemo */,
				005205F61D2B56D200283272 /* PerformDemoTests */,
				005206011D2B56D200283272 /* PerformDemoUITests */,
			);
		};
/* End PBXProject section */

/* Begin PBXResourcesBuildPhase section */
		005205D91D2B56D200283272 /* Resources */ = {
			isa = PBXResourcesBuildPhase;
			buildActionMask = 2147483647;
			files = (
				005205F11D2B56D200283272 /* LaunchScreen.storyboard in Resources */,
				005205EE1D2B56D200283272 /* Assets.xcassets in Resources */,
				005205E91D2B56D200283272 /* Main.storyboard in Resources */,
			);
			runOnlyForDeploymentPostprocessing = 0;
		};
		005205F51D2B56D200283272 /* Resources */ = {
			isa = PBXResourcesBuildPhase;
			buildActionMask = 2147483647;
			files = (
			);
			runOnlyForDeploymentPostprocessing = 0;
		};
		005206001D2B56D200283272 /* Resources */ = {
			isa = PBXResourcesBuildPhase;
			buildActionMask = 2147483647;
			files = (
			);
			runOnlyForDeploymentPostprocessing = 0;
		};
/* End PBXResourcesBuildPhase section */

/* Begin PBXSourcesBuildPhase section */
		005205D71D2B56D200283272 /* Sources */ = {
			isa = PBXSourcesBuildPhase;
			buildActionMask = 2147483647;
			files = (
				005205EC1D2B56D200283272 /* PerformDemo.xcdatamodeld in Sources */,
				005205E61D2B56D200283272 /* ViewController.m in Sources */,
				005205E31D2B56D200283272 /* AppDelegate.m in Sources */,
				005205E01D2B56D200283272 /* main.m in Sources */,
			);
			runOnlyForDeploymentPostprocessing = 0;
		};
		005205F31D2B56D200283272 /* Sources */ = {
			isa = PBXSourcesBuildPhase;
			buildActionMask = 2147483647;
			files = (
				005205FC1D2B56D200283272 /* PerformDemoTests.m in Sources */,
			);
			runOnlyForDeploymentPostprocessing = 0;
		};
		005205FE1D2B56D200283272 /* Sources */ = {
			isa = PBXSourcesBuildPhase;
			buildActionMask = 2147483647;
			files = (
				005206071D2B56D200283272 /* PerformDemoUITests.m in Sources */,
			);
			runOnlyForDeploymentPostprocessing = 0;
		};
/* End PBXSourcesBuildPhase section */

/* Begin PBXTargetDependency section */
		005205F91D2B56D200283272 /* PBXTargetDependency */ = {
			isa = PBXTargetDependency;
			target = 005205DA1D2B56D200283272 /* PerformDemo */;
			targetProxy = 005205F81D2B56D200283272 /* PBXContainerItemProxy */;
		};
		005206041D2B56D200283272 /* PBXTargetDependency */ = {
			isa = PBXTargetDependency;
			target = 005205DA1D2B56D200283272 /* PerformDemo */;
			targetProxy = 005206031D2B56D200283272 /* PBXContainerItemProxy */;
		};
/* End PBXTargetDependency section */

/* Begin PBXVariantGroup section */
		005205E71D2B56D200283272 /* Main.storyboard */ = {
			isa = PBXVariantGroup;
			children = (
				005205E81D2B56D200283272 /* Base */,
			);
			name = Main.storyboard;
			sourceTree = "<group>";
		};
		005205EF1D2B56D200283272 /* LaunchScreen.storyboard */ = {
			isa = PBXVariantGroup;
			children = (
				005205F01D2B56D200283272 /* Base */,
			);
			name = LaunchScreen.storyboard;
			sourceTree = "<group>";
		};
/* End PBXVariantGroup section */

/* Begin XCBuildConfiguration section */
		005206091D2B56D200283272 /* Debug */ = {
			isa = XCBuildConfiguration;
			buildSettings = {
				ALWAYS_SEARCH_USER_PATHS = NO;
				CLANG_ANALYZER_NONNULL = YES;
				CLANG_CXX_LANGUAGE_STANDARD = "gnu++0x";
				CLANG_CXX_LIBRARY = "libc++";
				CLANG_ENABLE_MODULES = YES;
				CLANG_ENABLE_OBJC_ARC = YES;
				CLANG_WARN_BOOL_CONVERSION = YES;
				CLANG_WARN_CONSTANT_CONVERSION = YES;
				CLANG_WARN_DIRECT_OBJC_ISA_USAGE = YES_ERROR;
				CLANG_WARN_EMPTY_BODY = YES;
				CLANG_WARN_ENUM_CONVERSION = YES;
				CLANG_WARN_INT_CONVERSION = YES;
				CLANG_WARN_OBJC_ROOT_CLASS = YES_ERROR;
				CLANG_WARN_UNREACHABLE_CODE = YES;
				CLANG_WARN__DUPLICATE_METHOD_MATCH = YES;
				"CODE_SIGN_IDENTITY[sdk=iphoneos*]" = "iPhone Developer";
				COPY_PHASE_STRIP = NO;
				DEBUG_INFORMATION_FORMAT = dwarf;
				ENABLE_STRICT_OBJC_MSGSEND = YES;
				ENABLE_TESTABILITY = YES;
				GCC_C_LANGUAGE_STANDARD = gnu99;
				GCC_DYNAMIC_NO_PIC = NO;
				GCC_NO_COMMON_BLOCKS = YES;
				GCC_OPTIMIZATION_LEVEL = 0;
				GCC_PREPROCESSOR_DEFINITIONS = (
					"DEBUG=1",
					"$(inherited)",
				);
				GCC_WARN_64_TO_32_BIT_CONVERSION = YES;
				GCC_WARN_ABOUT_RETURN_TYPE = YES_ERROR;
				GCC_WARN_UNDECLARED_SELECTOR = YES;
				GCC_WARN_UNINITIALIZED_AUTOS = YES_AGGRESSIVE;
				GCC_WARN_UNUSED_FUNCTION = YES;
				GCC_WARN_UNUSED_VARIABLE = YES;
				IPHONEOS_DEPLOYMENT_TARGET = 9.3;
				MTL_ENABLE_DEBUG_INFO = YES;
				ONLY_ACTIVE_ARCH = YES;
				SDKROOT = iphoneos;
			};
			name = Debug;
		};
		0052060A1D2B56D200283272 /* Release */ = {
			isa = XCBuildConfiguration;
			buildSettings = {
				ALWAYS_SEARCH_USER_PATHS = NO;
				CLANG_ANALYZER_NONNULL = YES;
				CLANG_CXX_LANGUAGE_STANDARD = "gnu++0x";
				CLANG_CXX_LIBRARY = "libc++";
				CLANG_ENABLE_MODULES = YES;
				CLANG_ENABLE_OBJC_ARC = YES;
				CLANG_WARN_BOOL_CONVERSION = YES;
				CLANG_WARN_CONSTANT_CONVERSION = YES;
				CLANG_WARN_DIRECT_OBJC_ISA_USAGE = YES_ERROR;
				CLANG_WARN_EMPTY_BODY = YES;
				CLANG_WARN_ENUM_CONVERSION = YES;
				CLANG_WARN_INT_CONVERSION = YES;
				CLANG_WARN_OBJC_ROOT_CLASS = YES_ERROR;
				CLANG_WARN_UNREACHABLE_CODE = YES;
				CLANG_WARN__DUPLICATE_METHOD_MATCH = YES;
				"CODE_SIGN_IDENTITY[sdk=iphoneos*]" = "iPhone Developer";
				COPY_PHASE_STRIP = NO;
				DEBUG_INFORMATION_FORMAT = "dwarf-with-dsym";
				ENABLE_NS_ASSERTIONS = NO;
				ENABLE_STRICT_OBJC_MSGSEND = YES;
				GCC_C_LANGUAGE_STANDARD = gnu99;
				GCC_NO_COMMON_BLOCKS = YES;
				GCC_WARN_64_TO_32_BIT_CONVERSION = YES;
				GCC_WARN_ABOUT_RETURN_TYPE = YES_ERROR;
				GCC_WARN_UNDECLARED_SELECTOR = YES;
				GCC_WARN_UNINITIALIZED_AUTOS = YES_AGGRESSIVE;
				GCC_WARN_UNUSED_FUNCTION = YES;
				GCC_WARN_UNUSED_VARIABLE = YES;
				IPHONEOS_DEPLOYMENT_TARGET = 9.3;
				MTL_ENABLE_DEBUG_INFO = NO;
				SDKROOT = iphoneos;
				VALIDATE_PRODUCT = YES;
			};
			name = Release;
		};
		0052060C1D2B56D200283272 /* Debug */ = {
			isa = XCBuildConfiguration;
			buildSettings = {
				ASSETCATALOG_COMPILER_APPICON_NAME = AppIcon;
				INFOPLIST_FILE = PerformDemo/Info.plist;
				LD_RUNPATH_SEARCH_PATHS = "$(inherited) @executable_path/Frameworks";
				PRODUCT_BUNDLE_IDENTIFIER = ter.PerformDemo;
				PRODUCT_NAME = "$(TARGET_NAME)";
			};
			name = Debug;
		};
		0052060D1D2B56D200283272 /* Release */ = {
			isa = XCBuildConfiguration;
			buildSettings = {
				ASSETCATALOG_COMPILER_APPICON_NAME = AppIcon;
				INFOPLIST_FILE = PerformDemo/Info.plist;
				LD_RUNPATH_SEARCH_PATHS = "$(inherited) @executable_path/Frameworks";
				PRODUCT_BUNDLE_IDENTIFIER = ter.PerformDemo;
				PRODUCT_NAME = "$(TARGET_NAME)";
			};
			name = Release;
		};
		0052060F1D2B56D200283272 /* Debug */ = {
			isa = XCBuildConfiguration;
			buildSettings = {
				BUNDLE_LOADER = "$(TEST_HOST)";
				INFOPLIST_FILE = PerformDemoTests/Info.plist;
				LD_RUNPATH_SEARCH_PATHS = "$(inherited) @executable_path/Frameworks @loader_path/Frameworks";
				PRODUCT_BUNDLE_IDENTIFIER = ter.PerformDemoTests;
				PRODUCT_NAME = "$(TARGET_NAME)";
				TEST_HOST = "$(BUILT_PRODUCTS_DIR)/PerformDemo.app/PerformDemo";
			};
			name = Debug;
		};
		005206101D2B56D200283272 /* Release */ = {
			isa = XCBuildConfiguration;
			buildSettings = {
				BUNDLE_LOADER = "$(TEST_HOST)";
				INFOPLIST_FILE = PerformDemoTests/Info.plist;
				LD_RUNPATH_SEARCH_PATHS = "$(inherited) @executable_path/Frameworks @loader_path/Frameworks";
				PRODUCT_BUNDLE_IDENTIFIER = ter.PerformDemoTests;
				PRODUCT_NAME = "$(TARGET_NAME)";
				TEST_HOST = "$(BUILT_PRODUCTS_DIR)/PerformDemo.app/PerformDemo";
			};
			name = Release;
		};
		005206121D2B56D200283272 /* Debug */ = {
			isa = XCBuildConfiguration;
			buildSettings = {
				INFOPLIST_FILE = PerformDemoUITests/Info.plist;
				LD_RUNPATH_SEARCH_PATHS = "$(inherited) @executable_path/Frameworks @loader_path/Frameworks";
				PRODUCT_BUNDLE_IDENTIFIER = ter.PerformDemoUITests;
				PRODUCT_NAME = "$(TARGET_NAME)";
				TEST_TARGET_NAME = PerformDemo;
			};
			name = Debug;
		};
		005206131D2B56D200283272 /* Release */ = {
			isa = XCBuildConfiguration;
			buildSettings = {
				INFOPLIST_FILE = PerformDemoUITests/Info.plist;
				LD_RUNPATH_SEARCH_PATHS = "$(inherited) @executable_path/Frameworks @loader_path/Frameworks";
				PRODUCT_BUNDLE_IDENTIFIER = ter.PerformDemoUITests;
				PRODUCT_NAME = "$(TARGET_NAME)";
				TEST_TARGET_NAME = PerformDemo;
			};
			name = Release;
		};
/* End XCBuildConfiguration section */

/* Begin XCConfigurationList section */
		005205D61D2B56D200283272 /* Build configuration list for PBXProject "PerformDemo" */ = {
			isa = XCConfigurationList;
			buildConfigurations = (
				005206091D2B56D200283272 /* Debug */,
				0052060A1D2B56D200283272 /* Release */,
			);
			defaultConfigurationIsVisible = 0;
			defaultConfigurationName = Release;
		};
		0052060B1D2B56D200283272 /* Build configuration list for PBXNativeTarget "PerformDemo" */ = {
			isa = XCConfigurationList;
			buildConfigurations = (
				0052060C1D2B56D200283272 /* Debug */,
				0052060D1D2B56D200283272 /* Release */,
			);
			defaultConfigurationIsVisible = 0;
		};
		0052060E1D2B56D200283272 /* Build configuration list for PBXNativeTarget "PerformDemoTests" */ = {
			isa = XCConfigurationList;
			buildConfigurations = (
				0052060F1D2B56D200283272 /* Debug */,
				005206101D2B56D200283272 /* Release */,
			);
			defaultConfigurationIsVisible = 0;
		};
		005206111D2B56D200283272 /* Build configuration list for PBXNativeTarget "PerformDemoUITests" */ = {
			isa = XCConfigurationList;
			buildConfigurations = (
				005206121D2B56D200283272 /* Debug */,
				005206131D2B56D200283272 /* Release */,
			);
			defaultConfigurationIsVisible = 0;
		};
/* End XCConfigurationList section */

/* Begin XCVersionGroup section */
		005205EA1D2B56D200283272 /* PerformDemo.xcdatamodeld */ = {
			isa = XCVersionGroup;
			children = (
				005205EB1D2B56D200283272 /* PerformDemo.xcdatamodel */,
			);
			currentVersion = 005205EB1D2B56D200283272 /* PerformDemo.xcdatamodel */;
			path = PerformDemo.xcdatamodeld;
			sourceTree = "<group>";
			versionGroupType = wrapper.xcdatamodel;
		};
/* End XCVersionGroup section */
	};
	rootObject = 005205D31D2B56D200283272 /* Project object */;
}
